// !$*UTF8*$!
{
	archiveVersion = 1;
	classes = {
	};
	objectVersion = 51;
	objects = {

/* Begin PBXBuildFile section */
		041AC7D4247FA82600B3227D /* Extensions.swift in Sources */ = {isa = PBXBuildFile; fileRef = 041AC7D3247FA82600B3227D /* Extensions.swift */; };
		042CCEB424AC69AF004AB537 /* PushServiceManager.swift in Sources */ = {isa = PBXBuildFile; fileRef = 042CCEB324AC69AF004AB537 /* PushServiceManager.swift */; };
		0492D37E248F625E0009B6DC /* Localizable.strings in Resources */ = {isa = PBXBuildFile; fileRef = 0492D380248F625E0009B6DC /* Localizable.strings */; };
		0492D384248F63D10009B6DC /* InfoPlist.strings in Resources */ = {isa = PBXBuildFile; fileRef = 0492D386248F63D10009B6DC /* InfoPlist.strings */; };
		04948CF024511D010076BE47 /* AppDelegate.swift in Sources */ = {isa = PBXBuildFile; fileRef = 04948CEF24511D010076BE47 /* AppDelegate.swift */; };
		04948CF424511D010076BE47 /* MainView.swift in Sources */ = {isa = PBXBuildFile; fileRef = 04948CF324511D010076BE47 /* MainView.swift */; };
		04948CF924511D060076BE47 /* Assets.xcassets in Resources */ = {isa = PBXBuildFile; fileRef = 04948CF824511D060076BE47 /* Assets.xcassets */; };
		04948CFC24511D060076BE47 /* LaunchScreen.storyboard in Resources */ = {isa = PBXBuildFile; fileRef = 04948CFA24511D060076BE47 /* LaunchScreen.storyboard */; };
		04ABEB5E2457B55000D3392E /* FinedustModel.swift in Sources */ = {isa = PBXBuildFile; fileRef = 04ABEB5D2457B54F00D3392E /* FinedustModel.swift */; };
		04ABEB62245816AF00D3392E /* MainController.swift in Sources */ = {isa = PBXBuildFile; fileRef = 04ABEB61245816AF00D3392E /* MainController.swift */; };
		04ABEB7824667C8100D3392E /* FinedustInfoTests.swift in Sources */ = {isa = PBXBuildFile; fileRef = 04ABEB7724667C8100D3392E /* FinedustInfoTests.swift */; };
		04F6191724A2E8BB004F1A9B /* GoogleService-Info.plist in Resources */ = {isa = PBXBuildFile; fileRef = 04F6191624A2E8BB004F1A9B /* GoogleService-Info.plist */; };
		747CABACABBE97843B823C77 /* Pods_FinedustInfo.framework in Frameworks */ = {isa = PBXBuildFile; fileRef = A1185E377F017CF9A0A6FF04 /* Pods_FinedustInfo.framework */; };
/* End PBXBuildFile section */

/* Begin PBXContainerItemProxy section */
		04ABEB7A24667C8100D3392E /* PBXContainerItemProxy */ = {
			isa = PBXContainerItemProxy;
			containerPortal = 04948CE424511D000076BE47 /* Project object */;
			proxyType = 1;
			remoteGlobalIDString = 04948CEB24511D010076BE47;
			remoteInfo = FinedustInfo;
		};
/* End PBXContainerItemProxy section */

/* Begin PBXFileReference section */
		041AC7D3247FA82600B3227D /* Extensions.swift */ = {isa = PBXFileReference; lastKnownFileType = sourcecode.swift; path = Extensions.swift; sourceTree = "<group>"; };
		042CCEB324AC69AF004AB537 /* PushServiceManager.swift */ = {isa = PBXFileReference; lastKnownFileType = sourcecode.swift; path = PushServiceManager.swift; sourceTree = "<group>"; };
		0492D379248F61A40009B6DC /* ko */ = {isa = PBXFileReference; lastKnownFileType = text.plist.strings; name = ko; path = ko.lproj/LaunchScreen.strings; sourceTree = "<group>"; };
		0492D37F248F625E0009B6DC /* en */ = {isa = PBXFileReference; lastKnownFileType = text.plist.strings; name = en; path = en.lproj/Localizable.strings; sourceTree = "<group>"; };
		0492D381248F62630009B6DC /* ko */ = {isa = PBXFileReference; lastKnownFileType = text.plist.strings; name = ko; path = ko.lproj/Localizable.strings; sourceTree = "<group>"; };
		0492D385248F63D10009B6DC /* en */ = {isa = PBXFileReference; lastKnownFileType = text.plist.strings; name = en; path = en.lproj/InfoPlist.strings; sourceTree = "<group>"; };
		0492D387248F63D30009B6DC /* ko */ = {isa = PBXFileReference; lastKnownFileType = text.plist.strings; name = ko; path = ko.lproj/InfoPlist.strings; sourceTree = "<group>"; };
		04948CEC24511D010076BE47 /* FinedustInfo.app */ = {isa = PBXFileReference; explicitFileType = wrapper.application; includeInIndex = 0; path = FinedustInfo.app; sourceTree = BUILT_PRODUCTS_DIR; };
		04948CEF24511D010076BE47 /* AppDelegate.swift */ = {isa = PBXFileReference; lastKnownFileType = sourcecode.swift; path = AppDelegate.swift; sourceTree = "<group>"; };
		04948CF324511D010076BE47 /* MainView.swift */ = {isa = PBXFileReference; lastKnownFileType = sourcecode.swift; path = MainView.swift; sourceTree = "<group>"; };
		04948CF824511D060076BE47 /* Assets.xcassets */ = {isa = PBXFileReference; lastKnownFileType = folder.assetcatalog; path = Assets.xcassets; sourceTree = "<group>"; };
		04948CFB24511D060076BE47 /* Base */ = {isa = PBXFileReference; lastKnownFileType = file.storyboard; name = Base; path = Base.lproj/LaunchScreen.storyboard; sourceTree = "<group>"; };
		04948CFD24511D060076BE47 /* Info.plist */ = {isa = PBXFileReference; lastKnownFileType = text.plist.xml; path = Info.plist; sourceTree = "<group>"; };
		04ABEB5D2457B54F00D3392E /* FinedustModel.swift */ = {isa = PBXFileReference; lastKnownFileType = sourcecode.swift; path = FinedustModel.swift; sourceTree = "<group>"; };
		04ABEB61245816AF00D3392E /* MainController.swift */ = {isa = PBXFileReference; lastKnownFileType = sourcecode.swift; path = MainController.swift; sourceTree = "<group>"; };
		04ABEB7524667C8000D3392E /* FinedustInfoTests.xctest */ = {isa = PBXFileReference; explicitFileType = wrapper.cfbundle; includeInIndex = 0; path = FinedustInfoTests.xctest; sourceTree = BUILT_PRODUCTS_DIR; };
		04ABEB7724667C8100D3392E /* FinedustInfoTests.swift */ = {isa = PBXFileReference; lastKnownFileType = sourcecode.swift; path = FinedustInfoTests.swift; sourceTree = "<group>"; };
		04ABEB7924667C8100D3392E /* Info.plist */ = {isa = PBXFileReference; lastKnownFileType = text.plist.xml; path = Info.plist; sourceTree = "<group>"; };
		04F6191324A2E270004F1A9B /* FinedustInfo.entitlements */ = {isa = PBXFileReference; lastKnownFileType = text.plist.entitlements; path = FinedustInfo.entitlements; sourceTree = "<group>"; };
		04F6191624A2E8BB004F1A9B /* GoogleService-Info.plist */ = {isa = PBXFileReference; fileEncoding = 4; lastKnownFileType = text.plist.xml; path = "GoogleService-Info.plist"; sourceTree = "<group>"; };
		059FB8B56EF369AA5194F249 /* Pods-FinedustInfo.release.xcconfig */ = {isa = PBXFileReference; includeInIndex = 1; lastKnownFileType = text.xcconfig; name = "Pods-FinedustInfo.release.xcconfig"; path = "Target Support Files/Pods-FinedustInfo/Pods-FinedustInfo.release.xcconfig"; sourceTree = "<group>"; };
		764879B8272F41C8DC20F422 /* Pods-FinedustInfo.debug.xcconfig */ = {isa = PBXFileReference; includeInIndex = 1; lastKnownFileType = text.xcconfig; name = "Pods-FinedustInfo.debug.xcconfig"; path = "Target Support Files/Pods-FinedustInfo/Pods-FinedustInfo.debug.xcconfig"; sourceTree = "<group>"; };
		A1185E377F017CF9A0A6FF04 /* Pods_FinedustInfo.framework */ = {isa = PBXFileReference; explicitFileType = wrapper.framework; includeInIndex = 0; path = Pods_FinedustInfo.framework; sourceTree = BUILT_PRODUCTS_DIR; };
/* End PBXFileReference section */

/* Begin PBXFrameworksBuildPhase section */
		04948CE924511D010076BE47 /* Frameworks */ = {
			isa = PBXFrameworksBuildPhase;
			buildActionMask = 2147483647;
			files = (
				747CABACABBE97843B823C77 /* Pods_FinedustInfo.framework in Frameworks */,
			);
			runOnlyForDeploymentPostprocessing = 0;
		};
		04ABEB7224667C8000D3392E /* Frameworks */ = {
			isa = PBXFrameworksBuildPhase;
			buildActionMask = 2147483647;
			files = (
			);
			runOnlyForDeploymentPostprocessing = 0;
		};
/* End PBXFrameworksBuildPhase section */

/* Begin PBXGroup section */
		041AC7D2247FA81000B3227D /* Model */ = {
			isa = PBXGroup;
			children = (
				04ABEB5D2457B54F00D3392E /* FinedustModel.swift */,
				041AC7D3247FA82600B3227D /* Extensions.swift */,
				042CCEB324AC69AF004AB537 /* PushServiceManager.swift */,
			);
			path = Model;
			sourceTree = "<group>";
		};
		04948CE324511D000076BE47 = {
			isa = PBXGroup;
			children = (
				04F6191624A2E8BB004F1A9B /* GoogleService-Info.plist */,
				0492D386248F63D10009B6DC /* InfoPlist.strings */,
				0492D380248F625E0009B6DC /* Localizable.strings */,
				04948CEE24511D010076BE47 /* FinedustInfo */,
				04ABEB7624667C8100D3392E /* FinedustInfoTests */,
				04948CED24511D010076BE47 /* Products */,
				5E3192D8717732FF46C6F6CF /* Pods */,
				B6990F016DFF0A86F6466148 /* Frameworks */,
			);
			sourceTree = "<group>";
		};
		04948CED24511D010076BE47 /* Products */ = {
			isa = PBXGroup;
			children = (
				04948CEC24511D010076BE47 /* FinedustInfo.app */,
				04ABEB7524667C8000D3392E /* FinedustInfoTests.xctest */,
			);
			name = Products;
			sourceTree = "<group>";
		};
		04948CEE24511D010076BE47 /* FinedustInfo */ = {
			isa = PBXGroup;
			children = (
				04F6191324A2E270004F1A9B /* FinedustInfo.entitlements */,
				041AC7D2247FA81000B3227D /* Model */,
				04948CEF24511D010076BE47 /* AppDelegate.swift */,
				04948CF324511D010076BE47 /* MainView.swift */,
				04ABEB61245816AF00D3392E /* MainController.swift */,
				04948CF824511D060076BE47 /* Assets.xcassets */,
				04948CFA24511D060076BE47 /* LaunchScreen.storyboard */,
				04948CFD24511D060076BE47 /* Info.plist */,
			);
			path = FinedustInfo;
			sourceTree = "<group>";
		};
		04ABEB7624667C8100D3392E /* FinedustInfoTests */ = {
			isa = PBXGroup;
			children = (
				04ABEB7724667C8100D3392E /* FinedustInfoTests.swift */,
				04ABEB7924667C8100D3392E /* Info.plist */,
			);
			path = FinedustInfoTests;
			sourceTree = "<group>";
		};
		5E3192D8717732FF46C6F6CF /* Pods */ = {
			isa = PBXGroup;
			children = (
				764879B8272F41C8DC20F422 /* Pods-FinedustInfo.debug.xcconfig */,
				059FB8B56EF369AA5194F249 /* Pods-FinedustInfo.release.xcconfig */,
			);
			path = Pods;
			sourceTree = "<group>";
		};
		B6990F016DFF0A86F6466148 /* Frameworks */ = {
			isa = PBXGroup;
			children = (
				A1185E377F017CF9A0A6FF04 /* Pods_FinedustInfo.framework */,
			);
			name = Frameworks;
			sourceTree = "<group>";
		};
/* End PBXGroup section */

/* Begin PBXNativeTarget section */
		04948CEB24511D010076BE47 /* FinedustInfo */ = {
			isa = PBXNativeTarget;
			buildConfigurationList = 04948D0024511D060076BE47 /* Build configuration list for PBXNativeTarget "FinedustInfo" */;
			buildPhases = (
				01D8BFF3A973F1ACC05B66AC /* [CP] Check Pods Manifest.lock */,
				04948CE824511D010076BE47 /* Sources */,
				04948CE924511D010076BE47 /* Frameworks */,
				04948CEA24511D010076BE47 /* Resources */,
				13F230051218BAFAE2D2A203 /* [CP] Embed Pods Frameworks */,
			);
			buildRules = (
			);
			dependencies = (
			);
			name = FinedustInfo;
			productName = FinedustInfo;
			productReference = 04948CEC24511D010076BE47 /* FinedustInfo.app */;
			productType = "com.apple.product-type.application";
		};
		04ABEB7424667C8000D3392E /* FinedustInfoTests */ = {
			isa = PBXNativeTarget;
			buildConfigurationList = 04ABEB7E24667C8100D3392E /* Build configuration list for PBXNativeTarget "FinedustInfoTests" */;
			buildPhases = (
				04ABEB7124667C8000D3392E /* Sources */,
				04ABEB7224667C8000D3392E /* Frameworks */,
				04ABEB7324667C8000D3392E /* Resources */,
			);
			buildRules = (
			);
			dependencies = (
				04ABEB7B24667C8100D3392E /* PBXTargetDependency */,
			);
			name = FinedustInfoTests;
			productName = FinedustInfoTests;
			productReference = 04ABEB7524667C8000D3392E /* FinedustInfoTests.xctest */;
			productType = "com.apple.product-type.bundle.unit-test";
		};
/* End PBXNativeTarget section */

/* Begin PBXProject section */
		04948CE424511D000076BE47 /* Project object */ = {
			isa = PBXProject;
			attributes = {
				LastSwiftUpdateCheck = 1130;
				LastUpgradeCheck = 1130;
				ORGANIZATIONNAME = Mac;
				TargetAttributes = {
					04948CEB24511D010076BE47 = {
						CreatedOnToolsVersion = 11.3.1;
					};
					04ABEB7424667C8000D3392E = {
						CreatedOnToolsVersion = 11.3.1;
						TestTargetID = 04948CEB24511D010076BE47;
					};
				};
			};
			buildConfigurationList = 04948CE724511D000076BE47 /* Build configuration list for PBXProject "FinedustInfo" */;
			compatibilityVersion = "Xcode 9.3";
			developmentRegion = en;
			hasScannedForEncodings = 0;
			knownRegions = (
				en,
				Base,
				ko,
			);
			mainGroup = 04948CE324511D000076BE47;
			productRefGroup = 04948CED24511D010076BE47 /* Products */;
			projectDirPath = "";
			projectRoot = "";
			targets = (
				04948CEB24511D010076BE47 /* FinedustInfo */,
				04ABEB7424667C8000D3392E /* FinedustInfoTests */,
			);
		};
/* End PBXProject section */

/* Begin PBXResourcesBuildPhase section */
		04948CEA24511D010076BE47 /* Resources */ = {
			isa = PBXResourcesBuildPhase;
			buildActionMask = 2147483647;
			files = (
				04948CFC24511D060076BE47 /* LaunchScreen.storyboard in Resources */,
				0492D384248F63D10009B6DC /* InfoPlist.strings in Resources */,
				04F6191724A2E8BB004F1A9B /* GoogleService-Info.plist in Resources */,
				0492D37E248F625E0009B6DC /* Localizable.strings in Resources */,
				04948CF924511D060076BE47 /* Assets.xcassets in Resources */,
			);
			runOnlyForDeploymentPostprocessing = 0;
		};
		04ABEB7324667C8000D3392E /* Resources */ = {
			isa = PBXResourcesBuildPhase;
			buildActionMask = 2147483647;
			files = (
			);
			runOnlyForDeploymentPostprocessing = 0;
		};
/* End PBXResourcesBuildPhase section */

/* Begin PBXShellScriptBuildPhase section */
		01D8BFF3A973F1ACC05B66AC /* [CP] Check Pods Manifest.lock */ = {
			isa = PBXShellScriptBuildPhase;
			buildActionMask = 2147483647;
			files = (
			);
			inputFileListPaths = (
			);
			inputPaths = (
				"${PODS_PODFILE_DIR_PATH}/Podfile.lock",
				"${PODS_ROOT}/Manifest.lock",
			);
			name = "[CP] Check Pods Manifest.lock";
			outputFileListPaths = (
			);
			outputPaths = (
				"$(DERIVED_FILE_DIR)/Pods-FinedustInfo-checkManifestLockResult.txt",
			);
			runOnlyForDeploymentPostprocessing = 0;
			shellPath = /bin/sh;
			shellScript = "diff \"${PODS_PODFILE_DIR_PATH}/Podfile.lock\" \"${PODS_ROOT}/Manifest.lock\" > /dev/null\nif [ $? != 0 ] ; then\n    # print error to STDERR\n    echo \"error: The sandbox is not in sync with the Podfile.lock. Run 'pod install' or update your CocoaPods installation.\" >&2\n    exit 1\nfi\n# This output is used by Xcode 'outputs' to avoid re-running this script phase.\necho \"SUCCESS\" > \"${SCRIPT_OUTPUT_FILE_0}\"\n";
			showEnvVarsInLog = 0;
		};
		13F230051218BAFAE2D2A203 /* [CP] Embed Pods Frameworks */ = {
			isa = PBXShellScriptBuildPhase;
			buildActionMask = 2147483647;
			files = (
			);
			inputFileListPaths = (
				"${PODS_ROOT}/Target Support Files/Pods-FinedustInfo/Pods-FinedustInfo-frameworks-${CONFIGURATION}-input-files.xcfilelist",
			);
			name = "[CP] Embed Pods Frameworks";
			outputFileListPaths = (
				"${PODS_ROOT}/Target Support Files/Pods-FinedustInfo/Pods-FinedustInfo-frameworks-${CONFIGURATION}-output-files.xcfilelist",
			);
			runOnlyForDeploymentPostprocessing = 0;
			shellPath = /bin/sh;
			shellScript = "\"${PODS_ROOT}/Target Support Files/Pods-FinedustInfo/Pods-FinedustInfo-frameworks.sh\"\n";
			showEnvVarsInLog = 0;
		};
/* End PBXShellScriptBuildPhase section */

/* Begin PBXSourcesBuildPhase section */
		04948CE824511D010076BE47 /* Sources */ = {
			isa = PBXSourcesBuildPhase;
			buildActionMask = 2147483647;
			files = (
				041AC7D4247FA82600B3227D /* Extensions.swift in Sources */,
				04ABEB62245816AF00D3392E /* MainController.swift in Sources */,
				04948CF424511D010076BE47 /* MainView.swift in Sources */,
				04948CF024511D010076BE47 /* AppDelegate.swift in Sources */,
				04ABEB5E2457B55000D3392E /* FinedustModel.swift in Sources */,
				042CCEB424AC69AF004AB537 /* PushServiceManager.swift in Sources */,
			);
			runOnlyForDeploymentPostprocessing = 0;
		};
		04ABEB7124667C8000D3392E /* Sources */ = {
			isa = PBXSourcesBuildPhase;
			buildActionMask = 2147483647;
			files = (
				04ABEB7824667C8100D3392E /* FinedustInfoTests.swift in Sources */,
			);
			runOnlyForDeploymentPostprocessing = 0;
		};
/* End PBXSourcesBuildPhase section */

/* Begin PBXTargetDependency section */
		04ABEB7B24667C8100D3392E /* PBXTargetDependency */ = {
			isa = PBXTargetDependency;
			target = 04948CEB24511D010076BE47 /* FinedustInfo */;
			targetProxy = 04ABEB7A24667C8100D3392E /* PBXContainerItemProxy */;
		};
/* End PBXTargetDependency section */

/* Begin PBXVariantGroup section */
		0492D380248F625E0009B6DC /* Localizable.strings */ = {
			isa = PBXVariantGroup;
			children = (
				0492D37F248F625E0009B6DC /* en */,
				0492D381248F62630009B6DC /* ko */,
			);
			name = Localizable.strings;
			sourceTree = "<group>";
		};
		0492D386248F63D10009B6DC /* InfoPlist.strings */ = {
			isa = PBXVariantGroup;
			children = (
				0492D385248F63D10009B6DC /* en */,
				0492D387248F63D30009B6DC /* ko */,
			);
			name = InfoPlist.strings;
			sourceTree = "<group>";
		};
		04948CFA24511D060076BE47 /* LaunchScreen.storyboard */ = {
			isa = PBXVariantGroup;
			children = (
				04948CFB24511D060076BE47 /* Base */,
				0492D379248F61A40009B6DC /* ko */,
			);
			name = LaunchScreen.storyboard;
			sourceTree = "<group>";
		};
/* End PBXVariantGroup section */

/* Begin XCBuildConfiguration section */
		04948CFE24511D060076BE47 /* Debug */ = {
			isa = XCBuildConfiguration;
			buildSettings = {
				ALWAYS_SEARCH_USER_PATHS = NO;
				CLANG_ANALYZER_LOCALIZABILITY_NONLOCALIZED = YES;
				CLANG_ANALYZER_NONNULL = YES;
				CLANG_ANALYZER_NUMBER_OBJECT_CONVERSION = YES_AGGRESSIVE;
				CLANG_CXX_LANGUAGE_STANDARD = "gnu++14";
				CLANG_CXX_LIBRARY = "libc++";
				CLANG_ENABLE_MODULES = YES;
				CLANG_ENABLE_OBJC_ARC = YES;
				CLANG_ENABLE_OBJC_WEAK = YES;
				CLANG_WARN_BLOCK_CAPTURE_AUTORELEASING = YES;
				CLANG_WARN_BOOL_CONVERSION = YES;
				CLANG_WARN_COMMA = YES;
				CLANG_WARN_CONSTANT_CONVERSION = YES;
				CLANG_WARN_DEPRECATED_OBJC_IMPLEMENTATIONS = YES;
				CLANG_WARN_DIRECT_OBJC_ISA_USAGE = YES_ERROR;
				CLANG_WARN_DOCUMENTATION_COMMENTS = YES;
				CLANG_WARN_EMPTY_BODY = YES;
				CLANG_WARN_ENUM_CONVERSION = YES;
				CLANG_WARN_INFINITE_RECURSION = YES;
				CLANG_WARN_INT_CONVERSION = YES;
				CLANG_WARN_NON_LITERAL_NULL_CONVERSION = YES;
				CLANG_WARN_OBJC_IMPLICIT_RETAIN_SELF = YES;
				CLANG_WARN_OBJC_LITERAL_CONVERSION = YES;
				CLANG_WARN_OBJC_ROOT_CLASS = YES_ERROR;
				CLANG_WARN_RANGE_LOOP_ANALYSIS = YES;
				CLANG_WARN_STRICT_PROTOTYPES = YES;
				CLANG_WARN_SUSPICIOUS_MOVE = YES;
				CLANG_WARN_UNGUARDED_AVAILABILITY = YES_AGGRESSIVE;
				CLANG_WARN_UNREACHABLE_CODE = YES;
				CLANG_WARN__DUPLICATE_METHOD_MATCH = YES;
				COPY_PHASE_STRIP = NO;
				DEBUG_INFORMATION_FORMAT = dwarf;
				ENABLE_STRICT_OBJC_MSGSEND = YES;
				ENABLE_TESTABILITY = YES;
				GCC_C_LANGUAGE_STANDARD = gnu11;
				GCC_DYNAMIC_NO_PIC = NO;
				GCC_NO_COMMON_BLOCKS = YES;
				GCC_OPTIMIZATION_LEVEL = 0;
				GCC_PREPROCESSOR_DEFINITIONS = (
					"DEBUG=1",
					"$(inherited)",
				);
				GCC_WARN_64_TO_32_BIT_CONVERSION = YES;
				GCC_WARN_ABOUT_RETURN_TYPE = YES_ERROR;
				GCC_WARN_UNDECLARED_SELECTOR = YES;
				GCC_WARN_UNINITIALIZED_AUTOS = YES_AGGRESSIVE;
				GCC_WARN_UNUSED_FUNCTION = YES;
				GCC_WARN_UNUSED_VARIABLE = YES;
				IPHONEOS_DEPLOYMENT_TARGET = 13.2;
				MTL_ENABLE_DEBUG_INFO = INCLUDE_SOURCE;
				MTL_FAST_MATH = YES;
				ONLY_ACTIVE_ARCH = YES;
				SDKROOT = iphoneos;
				SWIFT_ACTIVE_COMPILATION_CONDITIONS = DEBUG;
				SWIFT_OPTIMIZATION_LEVEL = "-Onone";
			};
			name = Debug;
		};
		04948CFF24511D060076BE47 /* Release */ = {
			isa = XCBuildConfiguration;
			buildSettings = {
				ALWAYS_SEARCH_USER_PATHS = NO;
				CLANG_ANALYZER_LOCALIZABILITY_NONLOCALIZED = YES;
				CLANG_ANALYZER_NONNULL = YES;
				CLANG_ANALYZER_NUMBER_OBJECT_CONVERSION = YES_AGGRESSIVE;
				CLANG_CXX_LANGUAGE_STANDARD = "gnu++14";
				CLANG_CXX_LIBRARY = "libc++";
				CLANG_ENABLE_MODULES = YES;
				CLANG_ENABLE_OBJC_ARC = YES;
				CLANG_ENABLE_OBJC_WEAK = YES;
				CLANG_WARN_BLOCK_CAPTURE_AUTORELEASING = YES;
				CLANG_WARN_BOOL_CONVERSION = YES;
				CLANG_WARN_COMMA = YES;
				CLANG_WARN_CONSTANT_CONVERSION = YES;
				CLANG_WARN_DEPRECATED_OBJC_IMPLEMENTATIONS = YES;
				CLANG_WARN_DIRECT_OBJC_ISA_USAGE = YES_ERROR;
				CLANG_WARN_DOCUMENTATION_COMMENTS = YES;
				CLANG_WARN_EMPTY_BODY = YES;
				CLANG_WARN_ENUM_CONVERSION = YES;
				CLANG_WARN_INFINITE_RECURSION = YES;
				CLANG_WARN_INT_CONVERSION = YES;
				CLANG_WARN_NON_LITERAL_NULL_CONVERSION = YES;
				CLANG_WARN_OBJC_IMPLICIT_RETAIN_SELF = YES;
				CLANG_WARN_OBJC_LITERAL_CONVERSION = YES;
				CLANG_WARN_OBJC_ROOT_CLASS = YES_ERROR;
				CLANG_WARN_RANGE_LOOP_ANALYSIS = YES;
				CLANG_WARN_STRICT_PROTOTYPES = YES;
				CLANG_WARN_SUSPICIOUS_MOVE = YES;
				CLANG_WARN_UNGUARDED_AVAILABILITY = YES_AGGRESSIVE;
				CLANG_WARN_UNREACHABLE_CODE = YES;
				CLANG_WARN__DUPLICATE_METHOD_MATCH = YES;
				COPY_PHASE_STRIP = NO;
				DEBUG_INFORMATION_FORMAT = "dwarf-with-dsym";
				ENABLE_NS_ASSERTIONS = NO;
				ENABLE_STRICT_OBJC_MSGSEND = YES;
				GCC_C_LANGUAGE_STANDARD = gnu11;
				GCC_NO_COMMON_BLOCKS = YES;
				GCC_WARN_64_TO_32_BIT_CONVERSION = YES;
				GCC_WARN_ABOUT_RETURN_TYPE = YES_ERROR;
				GCC_WARN_UNDECLARED_SELECTOR = YES;
				GCC_WARN_UNINITIALIZED_AUTOS = YES_AGGRESSIVE;
				GCC_WARN_UNUSED_FUNCTION = YES;
				GCC_WARN_UNUSED_VARIABLE = YES;
				IPHONEOS_DEPLOYMENT_TARGET = 13.2;
				MTL_ENABLE_DEBUG_INFO = NO;
				MTL_FAST_MATH = YES;
				SDKROOT = iphoneos;
				SWIFT_COMPILATION_MODE = wholemodule;
				SWIFT_OPTIMIZATION_LEVEL = "-O";
				VALIDATE_PRODUCT = YES;
			};
			name = Release;
		};
		04948D0124511D060076BE47 /* Debug */ = {
			isa = XCBuildConfiguration;
			baseConfigurationReference = 764879B8272F41C8DC20F422 /* Pods-FinedustInfo.debug.xcconfig */;
			buildSettings = {
				ASSETCATALOG_COMPILER_APPICON_NAME = AppIcon;
				CODE_SIGN_ENTITLEMENTS = FinedustInfo/FinedustInfo.entitlements;
				CODE_SIGN_STYLE = Automatic;
				CURRENT_PROJECT_VERSION = 1;
				DEVELOPMENT_TEAM = KQS5CL5P74;
				INFOPLIST_FILE = FinedustInfo/Info.plist;
				IPHONEOS_DEPLOYMENT_TARGET = 11.0;
				LD_RUNPATH_SEARCH_PATHS = (
					"$(inherited)",
					"@executable_path/Frameworks",
				);
				MARKETING_VERSION = 1.0.0;
				PRODUCT_BUNDLE_IDENTIFIER = com.studiofirstzero.finedustinfo;
				PRODUCT_NAME = "$(TARGET_NAME)";
				SWIFT_VERSION = 5.0;
				TARGETED_DEVICE_FAMILY = "1,2";
			};
			name = Debug;
		};
		04948D0224511D060076BE47 /* Release */ = {
			isa = XCBuildConfiguration;
			baseConfigurationReference = 059FB8B56EF369AA5194F249 /* Pods-FinedustInfo.release.xcconfig */;
			buildSettings = {
				ASSETCATALOG_COMPILER_APPICON_NAME = AppIcon;
				CODE_SIGN_ENTITLEMENTS = FinedustInfo/FinedustInfo.entitlements;
				CODE_SIGN_STYLE = Automatic;
				CURRENT_PROJECT_VERSION = 1;
				DEVELOPMENT_TEAM = KQS5CL5P74;
				INFOPLIST_FILE = FinedustInfo/Info.plist;
				IPHONEOS_DEPLOYMENT_TARGET = 11.0;
				LD_RUNPATH_SEARCH_PATHS = (
					"$(inherited)",
					"@executable_path/Frameworks",
				);
				MARKETING_VERSION = 1.0.0;
				PRODUCT_BUNDLE_IDENTIFIER = com.studiofirstzero.finedustinfo;
				PRODUCT_NAME = "$(TARGET_NAME)";
				SWIFT_VERSION = 5.0;
				TARGETED_DEVICE_FAMILY = "1,2";
			};
			name = Release;
		};
		04ABEB7C24667C8100D3392E /* Debug */ = {
			isa = XCBuildConfiguration;
			buildSettings = {
				BUNDLE_LOADER = "$(TEST_HOST)";
				CODE_SIGN_STYLE = Automatic;
				DEVELOPMENT_TEAM = 2KMX75GUSK;
				INFOPLIST_FILE = FinedustInfoTests/Info.plist;
				LD_RUNPATH_SEARCH_PATHS = (
					"$(inherited)",
					"@executable_path/Frameworks",
					"@loader_path/Frameworks",
				);
				PRODUCT_BUNDLE_IDENTIFIER = roberthan.FinedustInfoTests;
				PRODUCT_NAME = "$(TARGET_NAME)";
				SWIFT_VERSION = 5.0;
				TARGETED_DEVICE_FAMILY = "1,2";
				TEST_HOST = "$(BUILT_PRODUCTS_DIR)/FinedustInfo.app/FinedustInfo";
			};
			name = Debug;
		};
		04ABEB7D24667C8100D3392E /* Release */ = {
			isa = XCBuildConfiguration;
			buildSettings = {
				BUNDLE_LOADER = "$(TEST_HOST)";
				CODE_SIGN_STYLE = Automatic;
				DEVELOPMENT_TEAM = 2KMX75GUSK;
				INFOPLIST_FILE = FinedustInfoTests/Info.plist;
				LD_RUNPATH_SEARCH_PATHS = (
					"$(inherited)",
					"@executable_path/Frameworks",
					"@loader_path/Frameworks",
				);
				PRODUCT_BUNDLE_IDENTIFIER = roberthan.FinedustInfoTests;
				PRODUCT_NAME = "$(TARGET_NAME)";
				SWIFT_VERSION = 5.0;
				TARGETED_DEVICE_FAMILY = "1,2";
				TEST_HOST = "$(BUILT_PRODUCTS_DIR)/FinedustInfo.app/FinedustInfo";
			};
			name = Release;
		};
/* End XCBuildConfiguration section */

/* Begin XCConfigurationList section */
		04948CE724511D000076BE47 /* Build configuration list for PBXProject "FinedustInfo" */ = {
			isa = XCConfigurationList;
			buildConfigurations = (
				04948CFE24511D060076BE47 /* Debug */,
				04948CFF24511D060076BE47 /* Release */,
			);
			defaultConfigurationIsVisible = 0;
			defaultConfigurationName = Release;
		};
		04948D0024511D060076BE47 /* Build configuration list for PBXNativeTarget "FinedustInfo" */ = {
			isa = XCConfigurationList;
			buildConfigurations = (
				04948D0124511D060076BE47 /* Debug */,
				04948D0224511D060076BE47 /* Release */,
			);
			defaultConfigurationIsVisible = 0;
			defaultConfigurationName = Release;
		};
		04ABEB7E24667C8100D3392E /* Build configuration list for PBXNativeTarget "FinedustInfoTests" */ = {
			isa = XCConfigurationList;
			buildConfigurations = (
				04ABEB7C24667C8100D3392E /* Debug */,
				04ABEB7D24667C8100D3392E /* Release */,
			);
			defaultConfigurationIsVisible = 0;
			defaultConfigurationName = Release;
		};
/* End XCConfigurationList section */
	};
	rootObject = 04948CE424511D000076BE47 /* Project object */;
}
